
Microsoft Visual Studio Solution File, Format Version 12.00
# Visual Studio Version 17
VisualStudioVersion = 17.6.33723.286
MinimumVisualStudioVersion = 10.0.40219.1
Project("{9A19103F-16F7-4668-BE54-9A1E7A4F7556}") = "Rest-API", "REST-API\Rest-API.csproj", "{1751B4B2-1C97-4107-A61A-DBCCBAFA37B5}"
EndProject
Project("{9A19103F-16F7-4668-BE54-9A1E7A4F7556}") = "Entidades", "Entidades\Entidades.csproj", "{B42A84C3-E224-4ACD-951A-1C3BD7B0D1F1}"
EndProject
Project("{9A19103F-16F7-4668-BE54-9A1E7A4F7556}") = "Testes", "Testes\Testes.csproj", "{C134D9FA-19E3-4C24-A71F-C7272F9947AA}"
EndProject
Global
	GlobalSection(SolutionConfigurationPlatforms) = preSolution
		Debug|Any CPU = Debug|Any CPU
		Release|Any CPU = Release|Any CPU
	EndGlobalSection
	GlobalSection(ProjectConfigurationPlatforms) = postSolution
		{1751B4B2-1C97-4107-A61A-DBCCBAFA37B5}.Debug|Any CPU.ActiveCfg = Debug|Any CPU
		{1751B4B2-1C97-4107-A61A-DBCCBAFA37B5}.Debug|Any CPU.Build.0 = Debug|Any CPU
		{1751B4B2-1C97-4107-A61A-DBCCBAFA37B5}.Release|Any CPU.ActiveCfg = Release|Any CPU
		{1751B4B2-1C97-4107-A61A-DBCCBAFA37B5}.Release|Any CPU.Build.0 = Release|Any CPU
		{B42A84C3-E224-4ACD-951A-1C3BD7B0D1F1}.Debug|Any CPU.ActiveCfg = Debug|Any CPU
		{B42A84C3-E224-4ACD-951A-1C3BD7B0D1F1}.Debug|Any CPU.Build.0 = Debug|Any CPU
		{B42A84C3-E224-4ACD-951A-1C3BD7B0D1F1}.Release|Any CPU.ActiveCfg = Release|Any CPU
		{B42A84C3-E224-4ACD-951A-1C3BD7B0D1F1}.Release|Any CPU.Build.0 = Release|Any CPU
		{C134D9FA-19E3-4C24-A71F-C7272F9947AA}.Debug|Any CPU.ActiveCfg = Debug|Any CPU
		{C134D9FA-19E3-4C24-A71F-C7272F9947AA}.Debug|Any CPU.Build.0 = Debug|Any CPU
		{C134D9FA-19E3-4C24-A71F-C7272F9947AA}.Release|Any CPU.ActiveCfg = Release|Any CPU
		{C134D9FA-19E3-4C24-A71F-C7272F9947AA}.Release|Any CPU.Build.0 = Release|Any CPU
	EndGlobalSection
	GlobalSection(SolutionProperties) = preSolution
		HideSolutionNode = FALSE
	EndGlobalSection
	GlobalSection(ExtensibilityGlobals) = postSolution
		SolutionGuid = {546E7695-468E-4068-8E81-628B654AE526}
	EndGlobalSection
EndGlobal
